<?xml version="1.0" encoding="UTF-8" standalone="yes" ?>
<CodeBlocks_project_file>
	<FileVersion major="1" minor="6" />
	<Project>
		<Option title="OS" />
		<Option pch_mode="2" />
		<Option compiler="gcc" />
		<Build>
			<Target title="Debug">
				<Option output="bin/Debug/OS" prefix_auto="1" extension_auto="1" />
				<Option object_output="obj/Debug/" />
				<Option type="1" />
				<Option compiler="gcc" />
				<Compiler>
					<Add option="-std=c++11" />
					<Add option="-g" />
				</Compiler>
			</Target>
			<Target title="Release">
				<Option output="bin/Release/OS" prefix_auto="1" extension_auto="1" />
				<Option object_output="obj/Release/" />
				<Option type="1" />
				<Option compiler="gcc" />
				<Compiler>
					<Add option="-O2" />
				</Compiler>
				<Linker>
					<Add option="-s" />
				</Linker>
			</Target>
		</Build>
		<Compiler>
			<Add option="-Wall" />
			<Add option="-fexceptions" />
		</Compiler>
		<Unit filename="../Program-File.txt" />
		<Unit filename="../src/CPU.cpp">
			<Option compile="0" />
			<Option link="0" />
		</Unit>
		<Unit filename="../src/CPU.h" />
		<Unit filename="../src/Disk.cpp" />
		<Unit filename="../src/Disk.h" />
		<Unit filename="../src/Driver.cpp" />
		<Unit filename="../src/Driver.h" />
		<Unit filename="../src/Loader.cpp" />
		<Unit filename="../src/Loader.h" />
		<Unit filename="../src/PCB.cpp" />
		<Unit filename="../src/PCB.h" />
		<Unit filename="../src/Ram.cpp" />
		<Unit filename="../src/Ram.h" />
		<Unit filename="../src/TODO.txt" />
		<Unit filename="../src/Utility.cpp" />
		<Unit filename="../src/Utility.h" />
		<Unit filename="../src/main.cpp" />
		<Extensions>
			<code_completion />
			<envvars />
			<debugger />
			<lib_finder disable_auto="1" />
		</Extensions>
	</Project>
</CodeBlocks_project_file>
